
Microsoft Visual Studio Solution File, Format Version 12.00
# Visual Studio Version 17
VisualStudioVersion = 17.7.34031.279
MinimumVisualStudioVersion = 10.0.40219.1
Project("{FAE04EC0-301F-11D3-BF4B-00C04F79EFBC}") = "cnsSquare", "cnsSquare\cnsSquare.csproj", "{D97B7074-A560-4339-BCA9-793EC19E7542}"
EndProject
Global
	GlobalSection(SolutionConfigurationPlatforms) = preSolution
		Debug|Any CPU = Debug|Any CPU
		Release|Any CPU = Release|Any CPU
	EndGlobalSection
	GlobalSection(ProjectConfigurationPlatforms) = postSolution
		{D97B7074-A560-4339-BCA9-793EC19E7542}.Debug|Any CPU.ActiveCfg = Debug|Any CPU
		{D97B7074-A560-4339-BCA9-793EC19E7542}.Debug|Any CPU.Build.0 = Debug|Any CPU
		{D97B7074-A560-4339-BCA9-793EC19E7542}.Release|Any CPU.ActiveCfg = Release|Any CPU
		{D97B7074-A560-4339-BCA9-793EC19E7542}.Release|Any CPU.Build.0 = Release|Any CPU
	EndGlobalSection
	GlobalSection(SolutionProperties) = preSolution
		HideSolutionNode = FALSE
	EndGlobalSection
	GlobalSection(ExtensibilityGlobals) = postSolution
		SolutionGuid = {2A1FB395-F1DD-488A-A715-129307FC372A}
	EndGlobalSection
EndGlobal
