
Microsoft Visual Studio Solution File, Format Version 12.00
# Visual Studio Version 17
VisualStudioVersion = 17.7.34031.279
MinimumVisualStudioVersion = 10.0.40219.1
Project("{FAE04EC0-301F-11D3-BF4B-00C04F79EFBC}") = "wfaActivZona5", "wfaActivZona5\wfaActivZona5.csproj", "{F6C3D4A4-4C10-4AAB-AA15-E77DE11C044E}"
EndProject
Global
	GlobalSection(SolutionConfigurationPlatforms) = preSolution
		Debug|Any CPU = Debug|Any CPU
		Release|Any CPU = Release|Any CPU
	EndGlobalSection
	GlobalSection(ProjectConfigurationPlatforms) = postSolution
		{F6C3D4A4-4C10-4AAB-AA15-E77DE11C044E}.Debug|Any CPU.ActiveCfg = Debug|Any CPU
		{F6C3D4A4-4C10-4AAB-AA15-E77DE11C044E}.Debug|Any CPU.Build.0 = Debug|Any CPU
		{F6C3D4A4-4C10-4AAB-AA15-E77DE11C044E}.Release|Any CPU.ActiveCfg = Release|Any CPU
		{F6C3D4A4-4C10-4AAB-AA15-E77DE11C044E}.Release|Any CPU.Build.0 = Release|Any CPU
	EndGlobalSection
	GlobalSection(SolutionProperties) = preSolution
		HideSolutionNode = FALSE
	EndGlobalSection
	GlobalSection(ExtensibilityGlobals) = postSolution
		SolutionGuid = {D3DB8A9C-9DEC-41D9-9663-9CE9AD793EFA}
	EndGlobalSection
EndGlobal
