
Microsoft Visual Studio Solution File, Format Version 12.00
# Visual Studio Version 17
VisualStudioVersion = 17.7.34031.279
MinimumVisualStudioVersion = 10.0.40219.1
Project("{FAE04EC0-301F-11D3-BF4B-00C04F79EFBC}") = "cnsDrawLine", "cnsDrawLine\cnsDrawLine.csproj", "{34D1C3E2-4129-4B71-97E3-484C2E58A2AA}"
EndProject
Global
	GlobalSection(SolutionConfigurationPlatforms) = preSolution
		Debug|Any CPU = Debug|Any CPU
		Release|Any CPU = Release|Any CPU
	EndGlobalSection
	GlobalSection(ProjectConfigurationPlatforms) = postSolution
		{34D1C3E2-4129-4B71-97E3-484C2E58A2AA}.Debug|Any CPU.ActiveCfg = Debug|Any CPU
		{34D1C3E2-4129-4B71-97E3-484C2E58A2AA}.Debug|Any CPU.Build.0 = Debug|Any CPU
		{34D1C3E2-4129-4B71-97E3-484C2E58A2AA}.Release|Any CPU.ActiveCfg = Release|Any CPU
		{34D1C3E2-4129-4B71-97E3-484C2E58A2AA}.Release|Any CPU.Build.0 = Release|Any CPU
	EndGlobalSection
	GlobalSection(SolutionProperties) = preSolution
		HideSolutionNode = FALSE
	EndGlobalSection
	GlobalSection(ExtensibilityGlobals) = postSolution
		SolutionGuid = {19F22BB2-B3D9-4BDA-8007-4974C50B8B4D}
	EndGlobalSection
EndGlobal
