
Microsoft Visual Studio Solution File, Format Version 12.00
# Visual Studio Version 17
VisualStudioVersion = 17.7.34031.279
MinimumVisualStudioVersion = 10.0.40219.1
Project("{FAE04EC0-301F-11D3-BF4B-00C04F79EFBC}") = "cnsGenPassword", "cnsGenPassword\cnsGenPassword.csproj", "{007A9842-8199-41ED-84BD-F2C8DFB64A5D}"
EndProject
Global
	GlobalSection(SolutionConfigurationPlatforms) = preSolution
		Debug|Any CPU = Debug|Any CPU
		Release|Any CPU = Release|Any CPU
	EndGlobalSection
	GlobalSection(ProjectConfigurationPlatforms) = postSolution
		{007A9842-8199-41ED-84BD-F2C8DFB64A5D}.Debug|Any CPU.ActiveCfg = Debug|Any CPU
		{007A9842-8199-41ED-84BD-F2C8DFB64A5D}.Debug|Any CPU.Build.0 = Debug|Any CPU
		{007A9842-8199-41ED-84BD-F2C8DFB64A5D}.Release|Any CPU.ActiveCfg = Release|Any CPU
		{007A9842-8199-41ED-84BD-F2C8DFB64A5D}.Release|Any CPU.Build.0 = Release|Any CPU
	EndGlobalSection
	GlobalSection(SolutionProperties) = preSolution
		HideSolutionNode = FALSE
	EndGlobalSection
	GlobalSection(ExtensibilityGlobals) = postSolution
		SolutionGuid = {84B39E74-3B3D-4BFD-B8D5-B2A28ECCA9E9}
	EndGlobalSection
EndGlobal
