
Microsoft Visual Studio Solution File, Format Version 12.00
# Visual Studio Version 17
VisualStudioVersion = 17.7.34031.279
MinimumVisualStudioVersion = 10.0.40219.1
Project("{FAE04EC0-301F-11D3-BF4B-00C04F79EFBC}") = "wfaSender", "wfaSender\wfaSender.csproj", "{6DA0F872-F34B-4286-9100-8C3ADC70BB3F}"
EndProject
Global
	GlobalSection(SolutionConfigurationPlatforms) = preSolution
		Debug|Any CPU = Debug|Any CPU
		Release|Any CPU = Release|Any CPU
	EndGlobalSection
	GlobalSection(ProjectConfigurationPlatforms) = postSolution
		{6DA0F872-F34B-4286-9100-8C3ADC70BB3F}.Debug|Any CPU.ActiveCfg = Debug|Any CPU
		{6DA0F872-F34B-4286-9100-8C3ADC70BB3F}.Debug|Any CPU.Build.0 = Debug|Any CPU
		{6DA0F872-F34B-4286-9100-8C3ADC70BB3F}.Release|Any CPU.ActiveCfg = Release|Any CPU
		{6DA0F872-F34B-4286-9100-8C3ADC70BB3F}.Release|Any CPU.Build.0 = Release|Any CPU
	EndGlobalSection
	GlobalSection(SolutionProperties) = preSolution
		HideSolutionNode = FALSE
	EndGlobalSection
	GlobalSection(ExtensibilityGlobals) = postSolution
		SolutionGuid = {D1881515-4E05-4C1B-84EE-AEDD6CF9FF59}
	EndGlobalSection
EndGlobal
