
Microsoft Visual Studio Solution File, Format Version 12.00
# Visual Studio Version 17
VisualStudioVersion = 17.7.34031.279
MinimumVisualStudioVersion = 10.0.40219.1
Project("{FAE04EC0-301F-11D3-BF4B-00C04F79EFBC}") = "wfaTimer", "wfaTimer\wfaTimer.csproj", "{9B5E7AD7-B4BD-4C0C-A2E0-A796EAB78BBC}"
EndProject
Global
	GlobalSection(SolutionConfigurationPlatforms) = preSolution
		Debug|Any CPU = Debug|Any CPU
		Release|Any CPU = Release|Any CPU
	EndGlobalSection
	GlobalSection(ProjectConfigurationPlatforms) = postSolution
		{9B5E7AD7-B4BD-4C0C-A2E0-A796EAB78BBC}.Debug|Any CPU.ActiveCfg = Debug|Any CPU
		{9B5E7AD7-B4BD-4C0C-A2E0-A796EAB78BBC}.Debug|Any CPU.Build.0 = Debug|Any CPU
		{9B5E7AD7-B4BD-4C0C-A2E0-A796EAB78BBC}.Release|Any CPU.ActiveCfg = Release|Any CPU
		{9B5E7AD7-B4BD-4C0C-A2E0-A796EAB78BBC}.Release|Any CPU.Build.0 = Release|Any CPU
	EndGlobalSection
	GlobalSection(SolutionProperties) = preSolution
		HideSolutionNode = FALSE
	EndGlobalSection
	GlobalSection(ExtensibilityGlobals) = postSolution
		SolutionGuid = {793AE6AB-9209-4421-A57D-49A652B32D93}
	EndGlobalSection
EndGlobal
