
Microsoft Visual Studio Solution File, Format Version 12.00
# Visual Studio Version 17
VisualStudioVersion = 17.7.34031.279
MinimumVisualStudioVersion = 10.0.40219.1
Project("{FAE04EC0-301F-11D3-BF4B-00C04F79EFBC}") = "wfaFormTransparency", "wfaFormTransparency\wfaFormTransparency.csproj", "{59460BB0-17C7-44F0-A709-CEB246D97E2A}"
EndProject
Global
	GlobalSection(SolutionConfigurationPlatforms) = preSolution
		Debug|Any CPU = Debug|Any CPU
		Release|Any CPU = Release|Any CPU
	EndGlobalSection
	GlobalSection(ProjectConfigurationPlatforms) = postSolution
		{59460BB0-17C7-44F0-A709-CEB246D97E2A}.Debug|Any CPU.ActiveCfg = Debug|Any CPU
		{59460BB0-17C7-44F0-A709-CEB246D97E2A}.Debug|Any CPU.Build.0 = Debug|Any CPU
		{59460BB0-17C7-44F0-A709-CEB246D97E2A}.Release|Any CPU.ActiveCfg = Release|Any CPU
		{59460BB0-17C7-44F0-A709-CEB246D97E2A}.Release|Any CPU.Build.0 = Release|Any CPU
	EndGlobalSection
	GlobalSection(SolutionProperties) = preSolution
		HideSolutionNode = FALSE
	EndGlobalSection
	GlobalSection(ExtensibilityGlobals) = postSolution
		SolutionGuid = {CF972EAF-C230-4724-BE14-4A4973180CD3}
	EndGlobalSection
EndGlobal
