
Microsoft Visual Studio Solution File, Format Version 12.00
# Visual Studio Version 17
VisualStudioVersion = 17.7.34031.279
MinimumVisualStudioVersion = 10.0.40219.1
Project("{FAE04EC0-301F-11D3-BF4B-00C04F79EFBC}") = "wpfStackPanel", "wpfStackPanel\wpfStackPanel.csproj", "{6DB998B2-A6E1-4EC0-A107-7B66B12CF619}"
EndProject
Global
	GlobalSection(SolutionConfigurationPlatforms) = preSolution
		Debug|Any CPU = Debug|Any CPU
		Release|Any CPU = Release|Any CPU
	EndGlobalSection
	GlobalSection(ProjectConfigurationPlatforms) = postSolution
		{6DB998B2-A6E1-4EC0-A107-7B66B12CF619}.Debug|Any CPU.ActiveCfg = Debug|Any CPU
		{6DB998B2-A6E1-4EC0-A107-7B66B12CF619}.Debug|Any CPU.Build.0 = Debug|Any CPU
		{6DB998B2-A6E1-4EC0-A107-7B66B12CF619}.Release|Any CPU.ActiveCfg = Release|Any CPU
		{6DB998B2-A6E1-4EC0-A107-7B66B12CF619}.Release|Any CPU.Build.0 = Release|Any CPU
	EndGlobalSection
	GlobalSection(SolutionProperties) = preSolution
		HideSolutionNode = FALSE
	EndGlobalSection
	GlobalSection(ExtensibilityGlobals) = postSolution
		SolutionGuid = {89F7D2BC-301B-4EEE-8B43-34CAE5ECD9F9}
	EndGlobalSection
EndGlobal
