
Microsoft Visual Studio Solution File, Format Version 12.00
# Visual Studio Version 17
VisualStudioVersion = 17.7.34031.279
MinimumVisualStudioVersion = 10.0.40219.1
Project("{FAE04EC0-301F-11D3-BF4B-00C04F79EFBC}") = "wfaControlRegion", "wfaControlRegion\wfaControlRegion.csproj", "{F4883628-B127-418E-834D-8089E6027D24}"
EndProject
Global
	GlobalSection(SolutionConfigurationPlatforms) = preSolution
		Debug|Any CPU = Debug|Any CPU
		Release|Any CPU = Release|Any CPU
	EndGlobalSection
	GlobalSection(ProjectConfigurationPlatforms) = postSolution
		{F4883628-B127-418E-834D-8089E6027D24}.Debug|Any CPU.ActiveCfg = Debug|Any CPU
		{F4883628-B127-418E-834D-8089E6027D24}.Debug|Any CPU.Build.0 = Debug|Any CPU
		{F4883628-B127-418E-834D-8089E6027D24}.Release|Any CPU.ActiveCfg = Release|Any CPU
		{F4883628-B127-418E-834D-8089E6027D24}.Release|Any CPU.Build.0 = Release|Any CPU
	EndGlobalSection
	GlobalSection(SolutionProperties) = preSolution
		HideSolutionNode = FALSE
	EndGlobalSection
	GlobalSection(ExtensibilityGlobals) = postSolution
		SolutionGuid = {5A16A7AD-83ED-4FA1-9F62-027E5A76E202}
	EndGlobalSection
EndGlobal
