
Microsoft Visual Studio Solution File, Format Version 12.00
# Visual Studio Version 17
VisualStudioVersion = 17.7.34031.279
MinimumVisualStudioVersion = 10.0.40219.1
Project("{FAE04EC0-301F-11D3-BF4B-00C04F79EFBC}") = "main_MAUI", "main_MAUI\main_MAUI.csproj", "{93F4638E-5C33-47A0-A914-B83DCED97EC9}"
EndProject
Global
	GlobalSection(SolutionConfigurationPlatforms) = preSolution
		Debug|Any CPU = Debug|Any CPU
		Release|Any CPU = Release|Any CPU
	EndGlobalSection
	GlobalSection(ProjectConfigurationPlatforms) = postSolution
		{93F4638E-5C33-47A0-A914-B83DCED97EC9}.Debug|Any CPU.ActiveCfg = Debug|Any CPU
		{93F4638E-5C33-47A0-A914-B83DCED97EC9}.Debug|Any CPU.Build.0 = Debug|Any CPU
		{93F4638E-5C33-47A0-A914-B83DCED97EC9}.Debug|Any CPU.Deploy.0 = Debug|Any CPU
		{93F4638E-5C33-47A0-A914-B83DCED97EC9}.Release|Any CPU.ActiveCfg = Release|Any CPU
		{93F4638E-5C33-47A0-A914-B83DCED97EC9}.Release|Any CPU.Build.0 = Release|Any CPU
		{93F4638E-5C33-47A0-A914-B83DCED97EC9}.Release|Any CPU.Deploy.0 = Release|Any CPU
	EndGlobalSection
	GlobalSection(SolutionProperties) = preSolution
		HideSolutionNode = FALSE
	EndGlobalSection
	GlobalSection(ExtensibilityGlobals) = postSolution
		SolutionGuid = {4AADEAE7-D187-4718-A3C9-5FC2C9C8A46D}
	EndGlobalSection
EndGlobal
