
Microsoft Visual Studio Solution File, Format Version 12.00
# Visual Studio Version 17
VisualStudioVersion = 17.7.34031.279
MinimumVisualStudioVersion = 10.0.40219.1
Project("{FAE04EC0-301F-11D3-BF4B-00C04F79EFBC}") = "CnsSQLite", "CnsSQLite\CnsSQLite.csproj", "{C6C424C7-3B1A-4B7D-8F1E-05E423DD712B}"
EndProject
Global
	GlobalSection(SolutionConfigurationPlatforms) = preSolution
		Debug|Any CPU = Debug|Any CPU
		Release|Any CPU = Release|Any CPU
	EndGlobalSection
	GlobalSection(ProjectConfigurationPlatforms) = postSolution
		{C6C424C7-3B1A-4B7D-8F1E-05E423DD712B}.Debug|Any CPU.ActiveCfg = Debug|Any CPU
		{C6C424C7-3B1A-4B7D-8F1E-05E423DD712B}.Debug|Any CPU.Build.0 = Debug|Any CPU
		{C6C424C7-3B1A-4B7D-8F1E-05E423DD712B}.Release|Any CPU.ActiveCfg = Release|Any CPU
		{C6C424C7-3B1A-4B7D-8F1E-05E423DD712B}.Release|Any CPU.Build.0 = Release|Any CPU
	EndGlobalSection
	GlobalSection(SolutionProperties) = preSolution
		HideSolutionNode = FALSE
	EndGlobalSection
	GlobalSection(ExtensibilityGlobals) = postSolution
		SolutionGuid = {302E4ECD-0CE7-4D90-AA14-FFF8DD958252}
	EndGlobalSection
EndGlobal
