
Microsoft Visual Studio Solution File, Format Version 12.00
# Visual Studio Version 17
VisualStudioVersion = 17.7.34031.279
MinimumVisualStudioVersion = 10.0.40219.1
Project("{FAE04EC0-301F-11D3-BF4B-00C04F79EFBC}") = "_Maui1", "_Maui1\_Maui1.csproj", "{238F54F3-6EA3-4D1C-A392-93DC3544A956}"
EndProject
Global
	GlobalSection(SolutionConfigurationPlatforms) = preSolution
		Debug|Any CPU = Debug|Any CPU
		Release|Any CPU = Release|Any CPU
	EndGlobalSection
	GlobalSection(ProjectConfigurationPlatforms) = postSolution
		{238F54F3-6EA3-4D1C-A392-93DC3544A956}.Debug|Any CPU.ActiveCfg = Debug|Any CPU
		{238F54F3-6EA3-4D1C-A392-93DC3544A956}.Debug|Any CPU.Build.0 = Debug|Any CPU
		{238F54F3-6EA3-4D1C-A392-93DC3544A956}.Debug|Any CPU.Deploy.0 = Debug|Any CPU
		{238F54F3-6EA3-4D1C-A392-93DC3544A956}.Release|Any CPU.ActiveCfg = Release|Any CPU
		{238F54F3-6EA3-4D1C-A392-93DC3544A956}.Release|Any CPU.Build.0 = Release|Any CPU
		{238F54F3-6EA3-4D1C-A392-93DC3544A956}.Release|Any CPU.Deploy.0 = Release|Any CPU
	EndGlobalSection
	GlobalSection(SolutionProperties) = preSolution
		HideSolutionNode = FALSE
	EndGlobalSection
	GlobalSection(ExtensibilityGlobals) = postSolution
		SolutionGuid = {0A245FA2-206B-4C19-AE46-874882993F39}
	EndGlobalSection
EndGlobal
