
Microsoft Visual Studio Solution File, Format Version 12.00
# Visual Studio Version 17
VisualStudioVersion = 17.7.34031.279
MinimumVisualStudioVersion = 10.0.40219.1
Project("{FAE04EC0-301F-11D3-BF4B-00C04F79EFBC}") = "wfaSearchCity", "wfaSearchCity\wfaSearchCity.csproj", "{5B141A5A-651E-4300-833F-5681FE0BE9F9}"
EndProject
Global
	GlobalSection(SolutionConfigurationPlatforms) = preSolution
		Debug|Any CPU = Debug|Any CPU
		Release|Any CPU = Release|Any CPU
	EndGlobalSection
	GlobalSection(ProjectConfigurationPlatforms) = postSolution
		{5B141A5A-651E-4300-833F-5681FE0BE9F9}.Debug|Any CPU.ActiveCfg = Debug|Any CPU
		{5B141A5A-651E-4300-833F-5681FE0BE9F9}.Debug|Any CPU.Build.0 = Debug|Any CPU
		{5B141A5A-651E-4300-833F-5681FE0BE9F9}.Release|Any CPU.ActiveCfg = Release|Any CPU
		{5B141A5A-651E-4300-833F-5681FE0BE9F9}.Release|Any CPU.Build.0 = Release|Any CPU
	EndGlobalSection
	GlobalSection(SolutionProperties) = preSolution
		HideSolutionNode = FALSE
	EndGlobalSection
	GlobalSection(ExtensibilityGlobals) = postSolution
		SolutionGuid = {1A398209-5D64-4674-AFE8-EEC086DB3F8D}
	EndGlobalSection
EndGlobal
